
Microsoft Visual Studio Solution File, Format Version 12.00
# Visual Studio Version 16
VisualStudioVersion = 16.0.29306.81
MinimumVisualStudioVersion = 10.0.40219.1
Project("{FAE04EC0-301F-11D3-BF4B-00C04F79EFBC}") = "Banca_Esercizio", "Banca_Esercizio\Banca_Esercizio.csproj", "{C2913913-AC54-460A-906E-E434ACA51BCF}"
EndProject
Global
	GlobalSection(SolutionConfigurationPlatforms) = preSolution
		Debug|Any CPU = Debug|Any CPU
		Release|Any CPU = Release|Any CPU
	EndGlobalSection
	GlobalSection(ProjectConfigurationPlatforms) = postSolution
		{C2913913-AC54-460A-906E-E434ACA51BCF}.Debug|Any CPU.ActiveCfg = Debug|Any CPU
		{C2913913-AC54-460A-906E-E434ACA51BCF}.Debug|Any CPU.Build.0 = Debug|Any CPU
		{C2913913-AC54-460A-906E-E434ACA51BCF}.Release|Any CPU.ActiveCfg = Release|Any CPU
		{C2913913-AC54-460A-906E-E434ACA51BCF}.Release|Any CPU.Build.0 = Release|Any CPU
	EndGlobalSection
	GlobalSection(SolutionProperties) = preSolution
		HideSolutionNode = FALSE
	EndGlobalSection
	GlobalSection(ExtensibilityGlobals) = postSolution
		SolutionGuid = {B715705D-F989-4A2A-BE15-234E0B53C7AD}
	EndGlobalSection
EndGlobal
